
Microsoft Visual Studio Solution File, Format Version 11.00
# Visual Studio 2010
Project("{FAE04EC0-301F-11D3-BF4B-00C04F79EFBC}") = "JuegoProject", "Assembly-CSharp.csproj", "{FEAC459C-43A7-D183-7E5C-E5824CB11CB4}"
EndProject
Global
	GlobalSection(SolutionConfigurationPlatforms) = preSolution
		Debug|Any CPU = Debug|Any CPU
		Release|Any CPU = Release|Any CPU
	EndGlobalSection
	GlobalSection(ProjectConfigurationPlatforms) = postSolution
		{FEAC459C-43A7-D183-7E5C-E5824CB11CB4}.Debug|Any CPU.ActiveCfg = Debug|Any CPU
		{FEAC459C-43A7-D183-7E5C-E5824CB11CB4}.Debug|Any CPU.Build.0 = Debug|Any CPU
		{FEAC459C-43A7-D183-7E5C-E5824CB11CB4}.Release|Any CPU.ActiveCfg = Release|Any CPU
		{FEAC459C-43A7-D183-7E5C-E5824CB11CB4}.Release|Any CPU.Build.0 = Release|Any CPU
	EndGlobalSection
	GlobalSection(SolutionProperties) = preSolution
		HideSolutionNode = FALSE
	EndGlobalSection
	GlobalSection(MonoDevelopProperties) = preSolution
		StartupItem = Assembly-CSharp.csproj
	EndGlobalSection
EndGlobal
